
Microsoft Visual Studio Solution File, Format Version 12.00
# Visual Studio Version 16
VisualStudioVersion = 16.0.31105.61
MinimumVisualStudioVersion = 10.0.40219.1
Project("{FAE04EC0-301F-11D3-BF4B-00C04F79EFBC}") = "FinancialTools", "FinancialTools\FinancialTools.csproj", "{D5A75DE3-BE2E-42B3-847E-7CB40D751B14}"
EndProject
Global
	GlobalSection(SolutionConfigurationPlatforms) = preSolution
		Debug|Any CPU = Debug|Any CPU
		Release|Any CPU = Release|Any CPU
	EndGlobalSection
	GlobalSection(ProjectConfigurationPlatforms) = postSolution
		{D5A75DE3-BE2E-42B3-847E-7CB40D751B14}.Debug|Any CPU.ActiveCfg = Debug|Any CPU
		{D5A75DE3-BE2E-42B3-847E-7CB40D751B14}.Debug|Any CPU.Build.0 = Debug|Any CPU
		{D5A75DE3-BE2E-42B3-847E-7CB40D751B14}.Release|Any CPU.ActiveCfg = Release|Any CPU
		{D5A75DE3-BE2E-42B3-847E-7CB40D751B14}.Release|Any CPU.Build.0 = Release|Any CPU
	EndGlobalSection
	GlobalSection(SolutionProperties) = preSolution
		HideSolutionNode = FALSE
	EndGlobalSection
	GlobalSection(ExtensibilityGlobals) = postSolution
		SolutionGuid = {2563D7B1-E020-44B8-BD7D-A23B468F55FD}
	EndGlobalSection
EndGlobal
